github.com/godbus/dbus/v5 v5.0.4 h1:9349emZab16e7zQvpmsbtjc18ykshndd8y2PG3sgJbA=
github.com/godbus/dbus/v5 v5.0.4/go.mod h1:xhWf0FNVPg57R7Z0UbKHbJfkEywrmjJnf7w5xrFpKfA=
github.com/ingentingalls/rofi v0.1.0 h1:lsRu2w47mxs7IpwUOPx4M03U9TFOZL6L7fOyBYSKX94=
github.com/ingentingalls/rofi v0.1.0/go.mod h1:h7M22tmEAZ/9FyM9EQ3iUrl1TL6+cAkwMwJP4o8Pftg=
